// !$*UTF8*$!
{
	archiveVersion = 1;
	classes = {
	};
	objectVersion = 46;
	objects = {

/* Begin PBXBuildFile section */
		228725AB1C982A4A00BEA122 /* main.m in Sources */ = {isa = PBXBuildFile; fileRef = 228725AA1C982A4A00BEA122 /* main.m */; };
		228725AE1C982A4A00BEA122 /* AppDelegate.m in Sources */ = {isa = PBXBuildFile; fileRef = 228725AD1C982A4A00BEA122 /* AppDelegate.m */; };
		228725B11C982A4A00BEA122 /* ViewController.m in Sources */ = {isa = PBXBuildFile; fileRef = 228725B01C982A4A00BEA122 /* ViewController.m */; };
		228725B41C982A4A00BEA122 /* Main.storyboard in Resources */ = {isa = PBXBuildFile; fileRef = 228725B21C982A4A00BEA122 /* Main.storyboard */; };
		228725B61C982A4A00BEA122 /* Assets.xcassets in Resources */ = {isa = PBXBuildFile; fileRef = 228725B51C982A4A00BEA122 /* Assets.xcassets */; };
		228725B91C982A4A00BEA122 /* LaunchScreen.storyboard in Resources */ = {isa = PBXBuildFile; fileRef = 228725B71C982A4A00BEA122 /* LaunchScreen.storyboard */; };
/* End PBXBuildFile section */

/* Begin PBXFileReference section */
		228725A61C982A4A00BEA122 /* ApplePay.app */ = {isa = PBXFileReference; explicitFileType = wrapper.application; includeInIndex = 0; path = ApplePay.app; sourceTree = BUILT_PRODUCTS_DIR; };
		228725AA1C982A4A00BEA122 /* main.m */ = {isa = PBXFileReference; lastKnownFileType = sourcecode.c.objc; path = main.m; sourceTree = "<group>"; };
		228725AC1C982A4A00BEA122 /* AppDelegate.h */ = {isa = PBXFileReference; lastKnownFileType = sourcecode.c.h; path = AppDelegate.h; sourceTree = "<group>"; };
		228725AD1C982A4A00BEA122 /* AppDelegate.m */ = {isa = PBXFileReference; lastKnownFileType = sourcecode.c.objc; path = AppDelegate.m; sourceTree = "<group>"; };
		228725AF1C982A4A00BEA122 /* ViewController.h */ = {isa = PBXFileReference; lastKnownFileType = sourcecode.c.h; path = ViewController.h; sourceTree = "<group>"; };
		228725B01C982A4A00BEA122 /* ViewController.m */ = {isa = PBXFileReference; lastKnownFileType = sourcecode.c.objc; path = ViewController.m; sourceTree = "<group>"; };
		228725B31C982A4A00BEA122 /* Base */ = {isa = PBXFileReference; lastKnownFileType = file.storyboard; name = Base; path = Base.lproj/Main.storyboard; sourceTree = "<group>"; };
		228725B51C982A4A00BEA122 /* Assets.xcassets */ = {isa = PBXFileReference; lastKnownFileType = folder.assetcatalog; path = Assets.xcassets; sourceTree = "<group>"; };
		228725B81C982A4A00BEA122 /* Base */ = {isa = PBXFileReference; lastKnownFileType = file.storyboard; name = Base; path = Base.lproj/LaunchScreen.storyboard; sourceTree = "<group>"; };
		228725BA1C982A4A00BEA122 /* Info.plist */ = {isa = PBXFileReference; lastKnownFileType = text.plist.xml; path = Info.plist; sourceTree = "<group>"; };
		228725C01C982F5E00BEA122 /* ApplePay.entitlements */ = {isa = PBXFileReference; lastKnownFileType = text.xml; path = ApplePay.entitlements; sourceTree = "<group>"; };
/* End PBXFileReference section */

/* Begin PBXFrameworksBuildPhase section */
		228725A31C982A4A00BEA122 /* Frameworks */ = {
			isa = PBXFrameworksBuildPhase;
			buildActionMask = 2147483647;
			files = (
			);
			runOnlyForDeploymentPostprocessing = 0;
		};
/* End PBXFrameworksBuildPhase section */

/* Begin PBXGroup section */
		2287259D1C982A4A00BEA122 = {
			isa = PBXGroup;
			children = (
				228725A81C982A4A00BEA122 /* ApplePay */,
				228725A71C982A4A00BEA122 /* Products */,
			);
			sourceTree = "<group>";
		};
		228725A71C982A4A00BEA122 /* Products */ = {
			isa = PBXGroup;
			children = (
				228725A61C982A4A00BEA122 /* ApplePay.app */,
			);
			name = Products;
			sourceTree = "<group>";
		};
		228725A81C982A4A00BEA122 /* ApplePay */ = {
			isa = PBXGroup;
			children = (
				228725C01C982F5E00BEA122 /* ApplePay.entitlements */,
				228725AC1C982A4A00BEA122 /* AppDelegate.h */,
				228725AD1C982A4A00BEA122 /* AppDelegate.m */,
				228725AF1C982A4A00BEA122 /* ViewController.h */,
				228725B01C982A4A00BEA122 /* ViewController.m */,
				228725B21C982A4A00BEA122 /* Main.storyboard */,
				228725B51C982A4A00BEA122 /* Assets.xcassets */,
				228725B71C982A4A00BEA122 /* LaunchScreen.storyboard */,
				228725BA1C982A4A00BEA122 /* Info.plist */,
				228725A91C982A4A00BEA122 /* Supporting Files */,
			);
			path = ApplePay;
			sourceTree = "<group>";
		};
		228725A91C982A4A00BEA122 /* Supporting Files */ = {
			isa = PBXGroup;
			children = (
				228725AA1C982A4A00BEA122 /* main.m */,
			);
			name = "Supporting Files";
			sourceTree = "<group>";
		};
/* End PBXGroup section */

/* Begin PBXNativeTarget section */
		228725A51C982A4A00BEA122 /* ApplePay */ = {
			isa = PBXNativeTarget;
			buildConfigurationList = 228725BD1C982A4B00BEA122 /* Build configuration list for PBXNativeTarget "ApplePay" */;
			buildPhases = (
				228725A21C982A4A00BEA122 /* Sources */,
				228725A31C982A4A00BEA122 /* Frameworks */,
				228725A41C982A4A00BEA122 /* Resources */,
			);
			buildRules = (
			);
			dependencies = (
			);
			name = ApplePay;
			productName = ApplePay;
			productReference = 228725A61C982A4A00BEA122 /* ApplePay.app */;
			productType = "com.apple.product-type.application";
		};
/* End PBXNativeTarget section */

/* Begin PBXProject section */
		2287259E1C982A4A00BEA122 /* Project object */ = {
			isa = PBXProject;
			attributes = {
				LastUpgradeCheck = 0720;
				ORGANIZATIONNAME = XingHang;
				TargetAttributes = {
					228725A51C982A4A00BEA122 = {
						CreatedOnToolsVersion = 7.2.1;
						DevelopmentTeam = ZU7ZM7EB8M;
						SystemCapabilities = {
							com.apple.OMC = {
								enabled = 1;
							};
							com.apple.Wallet = {
								enabled = 0;
							};
						};
					};
				};
			};
			buildConfigurationList = 228725A11C982A4A00BEA122 /* Build configuration list for PBXProject "ApplePay" */;
			compatibilityVersion = "Xcode 3.2";
			developmentRegion = English;
			hasScannedForEncodings = 0;
			knownRegions = (
				en,
				Base,
			);
			mainGroup = 2287259D1C982A4A00BEA122;
			productRefGroup = 228725A71C982A4A00BEA122 /* Products */;
			projectDirPath = "";
			projectRoot = "";
			targets = (
				228725A51C982A4A00BEA122 /* ApplePay */,
			);
		};
/* End PBXProject section */

/* Begin PBXResourcesBuildPhase section */
		228725A41C982A4A00BEA122 /* Resources */ = {
			isa = PBXResourcesBuildPhase;
			buildActionMask = 2147483647;
			files = (
				228725B91C982A4A00BEA122 /* LaunchScreen.storyboard in Resources */,
				228725B61C982A4A00BEA122 /* Assets.xcassets in Resources */,
				228725B41C982A4A00BEA122 /* Main.storyboard in Resources */,
			);
			runOnlyForDeploymentPostprocessing = 0;
		};
/* End PBXResourcesBuildPhase section */

/* Begin PBXSourcesBuildPhase section */
		228725A21C982A4A00BEA122 /* Sources */ = {
			isa = PBXSourcesBuildPhase;
			buildActionMask = 2147483647;
			files = (
				228725B11C982A4A00BEA122 /* ViewController.m in Sources */,
				228725AE1C982A4A00BEA122 /* AppDelegate.m in Sources */,
				228725AB1C982A4A00BEA122 /* main.m in Sources */,
			);
			runOnlyForDeploymentPostprocessing = 0;
		};
/* End PBXSourcesBuildPhase section */

/* Begin PBXVariantGroup section */
		228725B21C982A4A00BEA122 /* Main.storyboard */ = {
			isa = PBXVariantGroup;
			children = (
				228725B31C982A4A00BEA122 /* Base */,
			);
			name = Main.storyboard;
			sourceTree = "<group>";
		};
		228725B71C982A4A00BEA122 /* LaunchScreen.storyboard */ = {
			isa = PBXVariantGroup;
			children = (
				228725B81C982A4A00BEA122 /* Base */,
			);
			name = LaunchScreen.storyboard;
			sourceTree = "<group>";
		};
/* End PBXVariantGroup section */

/* Begin XCBuildConfiguration section */
		228725BB1C982A4A00BEA122 /* Debug */ = {
			isa = XCBuildConfiguration;
			buildSettings = {
				ALWAYS_SEARCH_USER_PATHS = NO;
				CLANG_CXX_LANGUAGE_STANDARD = "gnu++0x";
				CLANG_CXX_LIBRARY = "libc++";
				CLANG_ENABLE_MODULES = YES;
				CLANG_ENABLE_OBJC_ARC = YES;
				CLANG_WARN_BOOL_CONVERSION = YES;
				CLANG_WARN_CONSTANT_CONVERSION = YES;
				CLANG_WARN_DIRECT_OBJC_ISA_USAGE = YES_ERROR;
				CLANG_WARN_EMPTY_BODY = YES;
				CLANG_WARN_ENUM_CONVERSION = YES;
				CLANG_WARN_INT_CONVERSION = YES;
				CLANG_WARN_OBJC_ROOT_CLASS = YES_ERROR;
				CLANG_WARN_UNREACHABLE_CODE = YES;
				CLANG_WARN__DUPLICATE_METHOD_MATCH = YES;
				"CODE_SIGN_IDENTITY[sdk=iphoneos*]" = "iPhone Developer";
				COPY_PHASE_STRIP = NO;
				DEBUG_INFORMATION_FORMAT = dwarf;
				ENABLE_STRICT_OBJC_MSGSEND = YES;
				ENABLE_TESTABILITY = YES;
				GCC_C_LANGUAGE_STANDARD = gnu99;
				GCC_DYNAMIC_NO_PIC = NO;
				GCC_NO_COMMON_BLOCKS = YES;
				GCC_OPTIMIZATION_LEVEL = 0;
				GCC_PREPROCESSOR_DEFINITIONS = (
					"DEBUG=1",
					"$(inherited)",
				);
				GCC_WARN_64_TO_32_BIT_CONVERSION = YES;
				GCC_WARN_ABOUT_RETURN_TYPE = YES_ERROR;
				GCC_WARN_UNDECLARED_SELECTOR = YES;
				GCC_WARN_UNINITIALIZED_AUTOS = YES_AGGRESSIVE;
				GCC_WARN_UNUSED_FUNCTION = YES;
				GCC_WARN_UNUSED_VARIABLE = YES;
				IPHONEOS_DEPLOYMENT_TARGET = 9.2;
				MTL_ENABLE_DEBUG_INFO = YES;
				ONLY_ACTIVE_ARCH = YES;
				SDKROOT = iphoneos;
				TARGETED_DEVICE_FAMILY = "1,2";
			};
			name = Debug;
		};
		228725BC1C982A4A00BEA122 /* Release */ = {
			isa = XCBuildConfiguration;
			buildSettings = {
				ALWAYS_SEARCH_USER_PATHS = NO;
				CLANG_CXX_LANGUAGE_STANDARD = "gnu++0x";
				CLANG_CXX_LIBRARY = "libc++";
				CLANG_ENABLE_MODULES = YES;
				CLANG_ENABLE_OBJC_ARC = YES;
				CLANG_WARN_BOOL_CONVERSION = YES;
				CLANG_WARN_CONSTANT_CONVERSION = YES;
				CLANG_WARN_DIRECT_OBJC_ISA_USAGE = YES_ERROR;
				CLANG_WARN_EMPTY_BODY = YES;
				CLANG_WARN_ENUM_CONVERSION = YES;
				CLANG_WARN_INT_CONVERSION = YES;
				CLANG_WARN_OBJC_ROOT_CLASS = YES_ERROR;
				CLANG_WARN_UNREACHABLE_CODE = YES;
				CLANG_WARN__DUPLICATE_METHOD_MATCH = YES;
				"CODE_SIGN_IDENTITY[sdk=iphoneos*]" = "iPhone Developer";
				COPY_PHASE_STRIP = NO;
				DEBUG_INFORMATION_FORMAT = "dwarf-with-dsym";
				ENABLE_NS_ASSERTIONS = NO;
				ENABLE_STRICT_OBJC_MSGSEND = YES;
				GCC_C_LANGUAGE_STANDARD = gnu99;
				GCC_NO_COMMON_BLOCKS = YES;
				GCC_WARN_64_TO_32_BIT_CONVERSION = YES;
				GCC_WARN_ABOUT_RETURN_TYPE = YES_ERROR;
				GCC_WARN_UNDECLARED_SELECTOR = YES;
				GCC_WARN_UNINITIALIZED_AUTOS = YES_AGGRESSIVE;
				GCC_WARN_UNUSED_FUNCTION = YES;
				GCC_WARN_UNUSED_VARIABLE = YES;
				IPHONEOS_DEPLOYMENT_TARGET = 9.2;
				MTL_ENABLE_DEBUG_INFO = NO;
				SDKROOT = iphoneos;
				TARGETED_DEVICE_FAMILY = "1,2";
				VALIDATE_PRODUCT = YES;
			};
			name = Release;
		};
		228725BE1C982A4B00BEA122 /* Debug */ = {
			isa = XCBuildConfiguration;
			buildSettings = {
				ASSETCATALOG_COMPILER_APPICON_NAME = AppIcon;
				CODE_SIGN_ENTITLEMENTS = ApplePay/ApplePay.entitlements;
				CODE_SIGN_IDENTITY = "iPhone Developer";
				"CODE_SIGN_IDENTITY[sdk=iphoneos*]" = "iPhone Developer";
				INFOPLIST_FILE = ApplePay/Info.plist;
				LD_RUNPATH_SEARCH_PATHS = "$(inherited) @executable_path/Frameworks";
				PRODUCT_BUNDLE_IDENTIFIER = com.applepay.appid;
				PRODUCT_NAME = "$(TARGET_NAME)";
				PROVISIONING_PROFILE = "";
			};
			name = Debug;
		};
		228725BF1C982A4B00BEA122 /* Release */ = {
			isa = XCBuildConfiguration;
			buildSettings = {
				ASSETCATALOG_COMPILER_APPICON_NAME = AppIcon;
				CODE_SIGN_ENTITLEMENTS = ApplePay/ApplePay.entitlements;
				CODE_SIGN_IDENTITY = "iPhone Developer";
				"CODE_SIGN_IDENTITY[sdk=iphoneos*]" = "iPhone Developer";
				INFOPLIST_FILE = ApplePay/Info.plist;
				LD_RUNPATH_SEARCH_PATHS = "$(inherited) @executable_path/Frameworks";
				PRODUCT_BUNDLE_IDENTIFIER = com.applepay.appid;
				PRODUCT_NAME = "$(TARGET_NAME)";
				PROVISIONING_PROFILE = "";
			};
			name = Release;
		};
/* End XCBuildConfiguration section */

/* Begin XCConfigurationList section */
		228725A11C982A4A00BEA122 /* Build configuration list for PBXProject "ApplePay" */ = {
			isa = XCConfigurationList;
			buildConfigurations = (
				228725BB1C982A4A00BEA122 /* Debug */,
				228725BC1C982A4A00BEA122 /* Release */,
			);
			defaultConfigurationIsVisible = 0;
			defaultConfigurationName = Release;
		};
		228725BD1C982A4B00BEA122 /* Build configuration list for PBXNativeTarget "ApplePay" */ = {
			isa = XCConfigurationList;
			buildConfigurations = (
				228725BE1C982A4B00BEA122 /* Debug */,
				228725BF1C982A4B00BEA122 /* Release */,
			);
			defaultConfigurationIsVisible = 0;
			defaultConfigurationName = Release;
		};
/* End XCConfigurationList section */
	};
	rootObject = 2287259E1C982A4A00BEA122 /* Project object */;
}
